
Microsoft Visual Studio Solution File, Format Version 12.00
# Visual Studio Version 17
VisualStudioVersion = 17.7.34018.315
MinimumVisualStudioVersion = 10.0.40219.1
Project("{8BC9CEB8-8B4A-11D0-8D11-00A0C91BC942}") = "Data Structure", "Data Structure.vcxproj", "{F4682C95-3B5F-41CD-A625-8FB29D69B437}"
EndProject
Global
	GlobalSection(SolutionConfigurationPlatforms) = preSolution
		Debug|x64 = Debug|x64
		Debug|x86 = Debug|x86
		Release|x64 = Release|x64
		Release|x86 = Release|x86
	EndGlobalSection
	GlobalSection(ProjectConfigurationPlatforms) = postSolution
		{F4682C95-3B5F-41CD-A625-8FB29D69B437}.Debug|x64.ActiveCfg = Debug|x64
		{F4682C95-3B5F-41CD-A625-8FB29D69B437}.Debug|x64.Build.0 = Debug|x64
		{F4682C95-3B5F-41CD-A625-8FB29D69B437}.Debug|x86.ActiveCfg = Debug|Win32
		{F4682C95-3B5F-41CD-A625-8FB29D69B437}.Debug|x86.Build.0 = Debug|Win32
		{F4682C95-3B5F-41CD-A625-8FB29D69B437}.Release|x64.ActiveCfg = Release|x64
		{F4682C95-3B5F-41CD-A625-8FB29D69B437}.Release|x64.Build.0 = Release|x64
		{F4682C95-3B5F-41CD-A625-8FB29D69B437}.Release|x86.ActiveCfg = Release|Win32
		{F4682C95-3B5F-41CD-A625-8FB29D69B437}.Release|x86.Build.0 = Release|Win32
	EndGlobalSection
	GlobalSection(SolutionProperties) = preSolution
		HideSolutionNode = FALSE
	EndGlobalSection
	GlobalSection(ExtensibilityGlobals) = postSolution
		SolutionGuid = {0BAC0286-7841-4604-B9BA-327704BF5946}
	EndGlobalSection
EndGlobal
